Microsoft Visual Studio Solution File, Format Version 12.00
# Visual Studio Version 17
VisualStudioVersion = 17.5.2.0
MinimumVisualStudioVersion = 10.0.40219.1
Project("{2150E333-8FDC-42A3-9474-1A3956D46DE8}") = "backend", "backend", "{1AE8ACA6-933B-BF2A-3671-3E2EAC007D16}"
EndProject
Project("{FAE04EC0-301F-11D3-BF4B-00C04F79EFBC}") = "fa1backend", "backend\fa1backend\fa1backend.csproj", "{E186624B-1E06-5BED-1BEA-25B1E202A4B6}"
EndProject
Global
	GlobalSection(SolutionConfigurationPlatforms) = preSolution
		Debug|Any CPU = Debug|Any CPU
		Release|Any CPU = Release|Any CPU
	EndGlobalSection
	GlobalSection(ProjectConfigurationPlatforms) = postSolution
		{E186624B-1E06-5BED-1BEA-25B1E202A4B6}.Debug|Any CPU.ActiveCfg = Debug|Any CPU
		{E186624B-1E06-5BED-1BEA-25B1E202A4B6}.Debug|Any CPU.Build.0 = Debug|Any CPU
		{E186624B-1E06-5BED-1BEA-25B1E202A4B6}.Release|Any CPU.ActiveCfg = Release|Any CPU
		{E186624B-1E06-5BED-1BEA-25B1E202A4B6}.Release|Any CPU.Build.0 = Release|Any CPU
	EndGlobalSection
	GlobalSection(SolutionProperties) = preSolution
		HideSolutionNode = FALSE
	EndGlobalSection
	GlobalSection(NestedProjects) = preSolution
		{E186624B-1E06-5BED-1BEA-25B1E202A4B6} = {1AE8ACA6-933B-BF2A-3671-3E2EAC007D16}
	EndGlobalSection
	GlobalSection(ExtensibilityGlobals) = postSolution
		SolutionGuid = {77A59520-23DB-47AC-B4E0-1CF8C6B891B0}
	EndGlobalSection
EndGlobal
